// !$*UTF8*$!
{
	archiveVersion = 1;
	classes = {
	};
	objectVersion = 50;
	objects = {

/* Begin PBXBuildFile section */
		20EF6A620A62C9C21A8B588E /* Pods_GithubActionDemo.framework in Frameworks */ = {isa = PBXBuildFile; fileRef = 0135EEAA4C4FCEA8B1D0C5E8 /* Pods_GithubActionDemo.framework */; };
		619183A4F54EB484F8687D65 /* Pods_GithubActionDemoTests.framework in Frameworks */ = {isa = PBXBuildFile; fileRef = 29A1F0045BCBE87214708448 /* Pods_GithubActionDemoTests.framework */; };
		FABECBA228B097B600C87983 /* GithubActionDemoTests.m in Sources */ = {isa = PBXBuildFile; fileRef = FABECBA128B097B600C87983 /* GithubActionDemoTests.m */; };
		FABECBAE28B0986A00C87983 /* Calculator.m in Sources */ = {isa = PBXBuildFile; fileRef = FABECBAD28B0986A00C87983 /* Calculator.m */; };
		FADA8FE328AA87BA004F4562 /* AppDelegate.m in Sources */ = {isa = PBXBuildFile; fileRef = FADA8FE228AA87BA004F4562 /* AppDelegate.m */; };
		FADA8FE628AA87BA004F4562 /* SceneDelegate.m in Sources */ = {isa = PBXBuildFile; fileRef = FADA8FE528AA87BA004F4562 /* SceneDelegate.m */; };
		FADA8FE928AA87BA004F4562 /* ViewController.m in Sources */ = {isa = PBXBuildFile; fileRef = FADA8FE828AA87BA004F4562 /* ViewController.m */; };
		FADA8FEC28AA87BA004F4562 /* Main.storyboard in Resources */ = {isa = PBXBuildFile; fileRef = FADA8FEA28AA87BA004F4562 /* Main.storyboard */; };
		FADA8FEE28AA87BB004F4562 /* Assets.xcassets in Resources */ = {isa = PBXBuildFile; fileRef = FADA8FED28AA87BB004F4562 /* Assets.xcassets */; };
		FADA8FF128AA87BB004F4562 /* LaunchScreen.storyboard in Resources */ = {isa = PBXBuildFile; fileRef = FADA8FEF28AA87BB004F4562 /* LaunchScreen.storyboard */; };
		FADA8FF428AA87BB004F4562 /* main.m in Sources */ = {isa = PBXBuildFile; fileRef = FADA8FF328AA87BB004F4562 /* main.m */; };
/* End PBXBuildFile section */

/* Begin PBXContainerItemProxy section */
		FABECBA428B097B600C87983 /* PBXContainerItemProxy */ = {
			isa = PBXContainerItemProxy;
			containerPortal = FADA8FD628AA87BA004F4562 /* Project object */;
			proxyType = 1;
			remoteGlobalIDString = FADA8FDD28AA87BA004F4562;
			remoteInfo = GithubActionDemo;
		};
/* End PBXContainerItemProxy section */

/* Begin PBXFileReference section */
		0135EEAA4C4FCEA8B1D0C5E8 /* Pods_GithubActionDemo.framework */ = {isa = PBXFileReference; explicitFileType = wrapper.framework; includeInIndex = 0; path = Pods_GithubActionDemo.framework; sourceTree = BUILT_PRODUCTS_DIR; };
		29A1F0045BCBE87214708448 /* Pods_GithubActionDemoTests.framework */ = {isa = PBXFileReference; explicitFileType = wrapper.framework; includeInIndex = 0; path = Pods_GithubActionDemoTests.framework; sourceTree = BUILT_PRODUCTS_DIR; };
		3C675A8F86AAD746C06F0A6D /* Pods-GithubActionDemoTests.release.xcconfig */ = {isa = PBXFileReference; includeInIndex = 1; lastKnownFileType = text.xcconfig; name = "Pods-GithubActionDemoTests.release.xcconfig"; path = "Target Support Files/Pods-GithubActionDemoTests/Pods-GithubActionDemoTests.release.xcconfig"; sourceTree = "<group>"; };
		48409F3F6CAA707BAD9D81AA /* Pods-GithubActionDemo.release.xcconfig */ = {isa = PBXFileReference; includeInIndex = 1; lastKnownFileType = text.xcconfig; name = "Pods-GithubActionDemo.release.xcconfig"; path = "Target Support Files/Pods-GithubActionDemo/Pods-GithubActionDemo.release.xcconfig"; sourceTree = "<group>"; };
		C4F3873C910050D39C28639F /* Pods-GithubActionDemo.debug.xcconfig */ = {isa = PBXFileReference; includeInIndex = 1; lastKnownFileType = text.xcconfig; name = "Pods-GithubActionDemo.debug.xcconfig"; path = "Target Support Files/Pods-GithubActionDemo/Pods-GithubActionDemo.debug.xcconfig"; sourceTree = "<group>"; };
		F9BF11BAFB96811A15570CE2 /* Pods-GithubActionDemoTests.debug.xcconfig */ = {isa = PBXFileReference; includeInIndex = 1; lastKnownFileType = text.xcconfig; name = "Pods-GithubActionDemoTests.debug.xcconfig"; path = "Target Support Files/Pods-GithubActionDemoTests/Pods-GithubActionDemoTests.debug.xcconfig"; sourceTree = "<group>"; };
		FABECB9F28B097B600C87983 /* GithubActionDemoTests.xctest */ = {isa = PBXFileReference; explicitFileType = wrapper.cfbundle; includeInIndex = 0; path = GithubActionDemoTests.xctest; sourceTree = BUILT_PRODUCTS_DIR; };
		FABECBA128B097B600C87983 /* GithubActionDemoTests.m */ = {isa = PBXFileReference; lastKnownFileType = sourcecode.c.objc; path = GithubActionDemoTests.m; sourceTree = "<group>"; };
		FABECBA328B097B600C87983 /* Info.plist */ = {isa = PBXFileReference; lastKnownFileType = text.plist.xml; path = Info.plist; sourceTree = "<group>"; };
		FABECBAC28B0984F00C87983 /* Calculator.h */ = {isa = PBXFileReference; lastKnownFileType = sourcecode.c.h; path = Calculator.h; sourceTree = "<group>"; };
		FABECBAD28B0986A00C87983 /* Calculator.m */ = {isa = PBXFileReference; lastKnownFileType = sourcecode.c.objc; path = Calculator.m; sourceTree = "<group>"; };
		FADA8FDE28AA87BA004F4562 /* GithubActionDemo.app */ = {isa = PBXFileReference; explicitFileType = wrapper.application; includeInIndex = 0; path = GithubActionDemo.app; sourceTree = BUILT_PRODUCTS_DIR; };
		FADA8FE128AA87BA004F4562 /* AppDelegate.h */ = {isa = PBXFileReference; lastKnownFileType = sourcecode.c.h; path = AppDelegate.h; sourceTree = "<group>"; };
		FADA8FE228AA87BA004F4562 /* AppDelegate.m */ = {isa = PBXFileReference; lastKnownFileType = sourcecode.c.objc; path = AppDelegate.m; sourceTree = "<group>"; };
		FADA8FE428AA87BA004F4562 /* SceneDelegate.h */ = {isa = PBXFileReference; lastKnownFileType = sourcecode.c.h; path = SceneDelegate.h; sourceTree = "<group>"; };
		FADA8FE528AA87BA004F4562 /* SceneDelegate.m */ = {isa = PBXFileReference; lastKnownFileType = sourcecode.c.objc; path = SceneDelegate.m; sourceTree = "<group>"; };
		FADA8FE728AA87BA004F4562 /* ViewController.h */ = {isa = PBXFileReference; lastKnownFileType = sourcecode.c.h; path = ViewController.h; sourceTree = "<group>"; };
		FADA8FE828AA87BA004F4562 /* ViewController.m */ = {isa = PBXFileReference; lastKnownFileType = sourcecode.c.objc; path = ViewController.m; sourceTree = "<group>"; };
		FADA8FEB28AA87BA004F4562 /* Base */ = {isa = PBXFileReference; lastKnownFileType = file.storyboard; name = Base; path = Base.lproj/Main.storyboard; sourceTree = "<group>"; };
		FADA8FED28AA87BB004F4562 /* Assets.xcassets */ = {isa = PBXFileReference; lastKnownFileType = folder.assetcatalog; path = Assets.xcassets; sourceTree = "<group>"; };
		FADA8FF028AA87BB004F4562 /* Base */ = {isa = PBXFileReference; lastKnownFileType = file.storyboard; name = Base; path = Base.lproj/LaunchScreen.storyboard; sourceTree = "<group>"; };
		FADA8FF228AA87BB004F4562 /* Info.plist */ = {isa = PBXFileReference; lastKnownFileType = text.plist.xml; path = Info.plist; sourceTree = "<group>"; };
		FADA8FF328AA87BB004F4562 /* main.m */ = {isa = PBXFileReference; lastKnownFileType = sourcecode.c.objc; path = main.m; sourceTree = "<group>"; };
/* End PBXFileReference section */

/* Begin PBXFrameworksBuildPhase section */
		FABECB9C28B097B600C87983 /* Frameworks */ = {
			isa = PBXFrameworksBuildPhase;
			buildActionMask = 2147483647;
			files = (
				619183A4F54EB484F8687D65 /* Pods_GithubActionDemoTests.framework in Frameworks */,
			);
			runOnlyForDeploymentPostprocessing = 0;
		};
		FADA8FDB28AA87BA004F4562 /* Frameworks */ = {
			isa = PBXFrameworksBuildPhase;
			buildActionMask = 2147483647;
			files = (
				20EF6A620A62C9C21A8B588E /* Pods_GithubActionDemo.framework in Frameworks */,
			);
			runOnlyForDeploymentPostprocessing = 0;
		};
/* End PBXFrameworksBuildPhase section */

/* Begin PBXGroup section */
		0CC69AEB1CAFC68AFE836EEA /* Pods */ = {
			isa = PBXGroup;
			children = (
				C4F3873C910050D39C28639F /* Pods-GithubActionDemo.debug.xcconfig */,
				48409F3F6CAA707BAD9D81AA /* Pods-GithubActionDemo.release.xcconfig */,
				F9BF11BAFB96811A15570CE2 /* Pods-GithubActionDemoTests.debug.xcconfig */,
				3C675A8F86AAD746C06F0A6D /* Pods-GithubActionDemoTests.release.xcconfig */,
			);
			name = Pods;
			path = Pods;
			sourceTree = "<group>";
		};
		42B3DE8507BA2DBD20B32701 /* Frameworks */ = {
			isa = PBXGroup;
			children = (
				0135EEAA4C4FCEA8B1D0C5E8 /* Pods_GithubActionDemo.framework */,
				29A1F0045BCBE87214708448 /* Pods_GithubActionDemoTests.framework */,
			);
			name = Frameworks;
			sourceTree = "<group>";
		};
		FABECBA028B097B600C87983 /* GithubActionDemoTests */ = {
			isa = PBXGroup;
			children = (
				FABECBA128B097B600C87983 /* GithubActionDemoTests.m */,
				FABECBA328B097B600C87983 /* Info.plist */,
			);
			path = GithubActionDemoTests;
			sourceTree = "<group>";
		};
		FABECBAB28B0983300C87983 /* Utils */ = {
			isa = PBXGroup;
			children = (
				FABECBAC28B0984F00C87983 /* Calculator.h */,
				FABECBAD28B0986A00C87983 /* Calculator.m */,
			);
			path = Utils;
			sourceTree = "<group>";
		};
		FADA8FD528AA87BA004F4562 = {
			isa = PBXGroup;
			children = (
				FADA8FE028AA87BA004F4562 /* GithubActionDemo */,
				FABECBA028B097B600C87983 /* GithubActionDemoTests */,
				FADA8FDF28AA87BA004F4562 /* Products */,
				0CC69AEB1CAFC68AFE836EEA /* Pods */,
				42B3DE8507BA2DBD20B32701 /* Frameworks */,
			);
			sourceTree = "<group>";
		};
		FADA8FDF28AA87BA004F4562 /* Products */ = {
			isa = PBXGroup;
			children = (
				FADA8FDE28AA87BA004F4562 /* GithubActionDemo.app */,
				FABECB9F28B097B600C87983 /* GithubActionDemoTests.xctest */,
			);
			name = Products;
			sourceTree = "<group>";
		};
		FADA8FE028AA87BA004F4562 /* GithubActionDemo */ = {
			isa = PBXGroup;
			children = (
				FABECBAB28B0983300C87983 /* Utils */,
				FADA8FE128AA87BA004F4562 /* AppDelegate.h */,
				FADA8FE228AA87BA004F4562 /* AppDelegate.m */,
				FADA8FE428AA87BA004F4562 /* SceneDelegate.h */,
				FADA8FE528AA87BA004F4562 /* SceneDelegate.m */,
				FADA8FE728AA87BA004F4562 /* ViewController.h */,
				FADA8FE828AA87BA004F4562 /* ViewController.m */,
				FADA8FEA28AA87BA004F4562 /* Main.storyboard */,
				FADA8FED28AA87BB004F4562 /* Assets.xcassets */,
				FADA8FEF28AA87BB004F4562 /* LaunchScreen.storyboard */,
				FADA8FF228AA87BB004F4562 /* Info.plist */,
				FADA8FF328AA87BB004F4562 /* main.m */,
			);
			path = GithubActionDemo;
			sourceTree = "<group>";
		};
/* End PBXGroup section */

/* Begin PBXNativeTarget section */
		FABECB9E28B097B600C87983 /* GithubActionDemoTests */ = {
			isa = PBXNativeTarget;
			buildConfigurationList = FABECBA828B097B600C87983 /* Build configuration list for PBXNativeTarget "GithubActionDemoTests" */;
			buildPhases = (
				5113E807FD30A53AA6D0DE8A /* [CP] Check Pods Manifest.lock */,
				FABECB9B28B097B600C87983 /* Sources */,
				FABECB9C28B097B600C87983 /* Frameworks */,
				FABECB9D28B097B600C87983 /* Resources */,
			);
			buildRules = (
			);
			dependencies = (
				FABECBA528B097B600C87983 /* PBXTargetDependency */,
			);
			name = GithubActionDemoTests;
			productName = GithubActionDemoTests;
			productReference = FABECB9F28B097B600C87983 /* GithubActionDemoTests.xctest */;
			productType = "com.apple.product-type.bundle.unit-test";
		};
		FADA8FDD28AA87BA004F4562 /* GithubActionDemo */ = {
			isa = PBXNativeTarget;
			buildConfigurationList = FADA8FF728AA87BB004F4562 /* Build configuration list for PBXNativeTarget "GithubActionDemo" */;
			buildPhases = (
				4C9A2CEE5C6D2AAF06B3F7C1 /* [CP] Check Pods Manifest.lock */,
				FADA8FDA28AA87BA004F4562 /* Sources */,
				FADA8FDB28AA87BA004F4562 /* Frameworks */,
				FADA8FDC28AA87BA004F4562 /* Resources */,
			);
			buildRules = (
			);
			dependencies = (
			);
			name = GithubActionDemo;
			productName = GithubActionDemo;
			productReference = FADA8FDE28AA87BA004F4562 /* GithubActionDemo.app */;
			productType = "com.apple.product-type.application";
		};
/* End PBXNativeTarget section */

/* Begin PBXProject section */
		FADA8FD628AA87BA004F4562 /* Project object */ = {
			isa = PBXProject;
			attributes = {
				LastUpgradeCheck = 1240;
				TargetAttributes = {
					FABECB9E28B097B600C87983 = {
						CreatedOnToolsVersion = 12.4;
						TestTargetID = FADA8FDD28AA87BA004F4562;
					};
					FADA8FDD28AA87BA004F4562 = {
						CreatedOnToolsVersion = 12.4;
					};
				};
			};
			buildConfigurationList = FADA8FD928AA87BA004F4562 /* Build configuration list for PBXProject "GithubActionDemo" */;
			compatibilityVersion = "Xcode 9.3";
			developmentRegion = en;
			hasScannedForEncodings = 0;
			knownRegions = (
				en,
				Base,
			);
			mainGroup = FADA8FD528AA87BA004F4562;
			productRefGroup = FADA8FDF28AA87BA004F4562 /* Products */;
			projectDirPath = "";
			projectRoot = "";
			targets = (
				FADA8FDD28AA87BA004F4562 /* GithubActionDemo */,
				FABECB9E28B097B600C87983 /* GithubActionDemoTests */,
			);
		};
/* End PBXProject section */

/* Begin PBXResourcesBuildPhase section */
		FABECB9D28B097B600C87983 /* Resources */ = {
			isa = PBXResourcesBuildPhase;
			buildActionMask = 2147483647;
			files = (
			);
			runOnlyForDeploymentPostprocessing = 0;
		};
		FADA8FDC28AA87BA004F4562 /* Resources */ = {
			isa = PBXResourcesBuildPhase;
			buildActionMask = 2147483647;
			files = (
				FADA8FF128AA87BB004F4562 /* LaunchScreen.storyboard in Resources */,
				FADA8FEE28AA87BB004F4562 /* Assets.xcassets in Resources */,
				FADA8FEC28AA87BA004F4562 /* Main.storyboard in Resources */,
			);
			runOnlyForDeploymentPostprocessing = 0;
		};
/* End PBXResourcesBuildPhase section */

/* Begin PBXShellScriptBuildPhase section */
		4C9A2CEE5C6D2AAF06B3F7C1 /* [CP] Check Pods Manifest.lock */ = {
			isa = PBXShellScriptBuildPhase;
			buildActionMask = 2147483647;
			files = (
			);
			inputFileListPaths = (
			);
			inputPaths = (
				"${PODS_PODFILE_DIR_PATH}/Podfile.lock",
				"${PODS_ROOT}/Manifest.lock",
			);
			name = "[CP] Check Pods Manifest.lock";
			outputFileListPaths = (
			);
			outputPaths = (
				"$(DERIVED_FILE_DIR)/Pods-GithubActionDemo-checkManifestLockResult.txt",
			);
			runOnlyForDeploymentPostprocessing = 0;
			shellPath = /bin/sh;
			shellScript = "diff \"${PODS_PODFILE_DIR_PATH}/Podfile.lock\" \"${PODS_ROOT}/Manifest.lock\" > /dev/null\nif [ $? != 0 ] ; then\n    # print error to STDERR\n    echo \"error: The sandbox is not in sync with the Podfile.lock. Run 'pod install' or update your CocoaPods installation.\" >&2\n    exit 1\nfi\n# This output is used by Xcode 'outputs' to avoid re-running this script phase.\necho \"SUCCESS\" > \"${SCRIPT_OUTPUT_FILE_0}\"\n";
			showEnvVarsInLog = 0;
		};
		5113E807FD30A53AA6D0DE8A /* [CP] Check Pods Manifest.lock */ = {
			isa = PBXShellScriptBuildPhase;
			buildActionMask = 2147483647;
			files = (
			);
			inputFileListPaths = (
			);
			inputPaths = (
				"${PODS_PODFILE_DIR_PATH}/Podfile.lock",
				"${PODS_ROOT}/Manifest.lock",
			);
			name = "[CP] Check Pods Manifest.lock";
			outputFileListPaths = (
			);
			outputPaths = (
				"$(DERIVED_FILE_DIR)/Pods-GithubActionDemoTests-checkManifestLockResult.txt",
			);
			runOnlyForDeploymentPostprocessing = 0;
			shellPath = /bin/sh;
			shellScript = "diff \"${PODS_PODFILE_DIR_PATH}/Podfile.lock\" \"${PODS_ROOT}/Manifest.lock\" > /dev/null\nif [ $? != 0 ] ; then\n    # print error to STDERR\n    echo \"error: The sandbox is not in sync with the Podfile.lock. Run 'pod install' or update your CocoaPods installation.\" >&2\n    exit 1\nfi\n# This output is used by Xcode 'outputs' to avoid re-running this script phase.\necho \"SUCCESS\" > \"${SCRIPT_OUTPUT_FILE_0}\"\n";
			showEnvVarsInLog = 0;
		};
/* End PBXShellScriptBuildPhase section */

/* Begin PBXSourcesBuildPhase section */
		FABECB9B28B097B600C87983 /* Sources */ = {
			isa = PBXSourcesBuildPhase;
			buildActionMask = 2147483647;
			files = (
				FABECBA228B097B600C87983 /* GithubActionDemoTests.m in Sources */,
			);
			runOnlyForDeploymentPostprocessing = 0;
		};
		FADA8FDA28AA87BA004F4562 /* Sources */ = {
			isa = PBXSourcesBuildPhase;
			buildActionMask = 2147483647;
			files = (
				FADA8FE928AA87BA004F4562 /* ViewController.m in Sources */,
				FADA8FE328AA87BA004F4562 /* AppDelegate.m in Sources */,
				FADA8FF428AA87BB004F4562 /* main.m in Sources */,
				FADA8FE628AA87BA004F4562 /* SceneDelegate.m in Sources */,
				FABECBAE28B0986A00C87983 /* Calculator.m in Sources */,
			);
			runOnlyForDeploymentPostprocessing = 0;
		};
/* End PBXSourcesBuildPhase section */

/* Begin PBXTargetDependency section */
		FABECBA528B097B600C87983 /* PBXTargetDependency */ = {
			isa = PBXTargetDependency;
			target = FADA8FDD28AA87BA004F4562 /* GithubActionDemo */;
			targetProxy = FABECBA428B097B600C87983 /* PBXContainerItemProxy */;
		};
/* End PBXTargetDependency section */

/* Begin PBXVariantGroup section */
		FADA8FEA28AA87BA004F4562 /* Main.storyboard */ = {
			isa = PBXVariantGroup;
			children = (
				FADA8FEB28AA87BA004F4562 /* Base */,
			);
			name = Main.storyboard;
			sourceTree = "<group>";
		};
		FADA8FEF28AA87BB004F4562 /* LaunchScreen.storyboard */ = {
			isa = PBXVariantGroup;
			children = (
				FADA8FF028AA87BB004F4562 /* Base */,
			);
			name = LaunchScreen.storyboard;
			sourceTree = "<group>";
		};
/* End PBXVariantGroup section */

/* Begin XCBuildConfiguration section */
		FABECBA628B097B600C87983 /* Debug */ = {
			isa = XCBuildConfiguration;
			baseConfigurationReference = F9BF11BAFB96811A15570CE2 /* Pods-GithubActionDemoTests.debug.xcconfig */;
			buildSettings = {
				BUNDLE_LOADER = "$(TEST_HOST)";
				CODE_SIGN_STYLE = Automatic;
				DEVELOPMENT_TEAM = PP8V8Y78PA;
				INFOPLIST_FILE = GithubActionDemoTests/Info.plist;
				LD_RUNPATH_SEARCH_PATHS = (
					"$(inherited)",
					"@executable_path/Frameworks",
					"@loader_path/Frameworks",
				);
				PRODUCT_BUNDLE_IDENTIFIER = com.viet.GithubActionDemoTests;
				PRODUCT_NAME = "$(TARGET_NAME)";
				TARGETED_DEVICE_FAMILY = "1,2";
				TEST_HOST = "$(BUILT_PRODUCTS_DIR)/GithubActionDemo.app/GithubActionDemo";
			};
			name = Debug;
		};
		FABECBA728B097B600C87983 /* Release */ = {
			isa = XCBuildConfiguration;
			baseConfigurationReference = 3C675A8F86AAD746C06F0A6D /* Pods-GithubActionDemoTests.release.xcconfig */;
			buildSettings = {
				BUNDLE_LOADER = "$(TEST_HOST)";
				CODE_SIGN_STYLE = Automatic;
				DEVELOPMENT_TEAM = PP8V8Y78PA;
				INFOPLIST_FILE = GithubActionDemoTests/Info.plist;
				LD_RUNPATH_SEARCH_PATHS = (
					"$(inherited)",
					"@executable_path/Frameworks",
					"@loader_path/Frameworks",
				);
				PRODUCT_BUNDLE_IDENTIFIER = com.viet.GithubActionDemoTests;
				PRODUCT_NAME = "$(TARGET_NAME)";
				TARGETED_DEVICE_FAMILY = "1,2";
				TEST_HOST = "$(BUILT_PRODUCTS_DIR)/GithubActionDemo.app/GithubActionDemo";
			};
			name = Release;
		};
		FADA8FF528AA87BB004F4562 /* Debug */ = {
			isa = XCBuildConfiguration;
			buildSettings = {
				ALWAYS_SEARCH_USER_PATHS = NO;
				CLANG_ANALYZER_NONNULL = YES;
				CLANG_ANALYZER_NUMBER_OBJECT_CONVERSION = YES_AGGRESSIVE;
				CLANG_CXX_LANGUAGE_STANDARD = "gnu++14";
				CLANG_CXX_LIBRARY = "libc++";
				CLANG_ENABLE_MODULES = YES;
				CLANG_ENABLE_OBJC_ARC = YES;
				CLANG_ENABLE_OBJC_WEAK = YES;
				CLANG_WARN_BLOCK_CAPTURE_AUTORELEASING = YES;
				CLANG_WARN_BOOL_CONVERSION = YES;
				CLANG_WARN_COMMA = YES;
				CLANG_WARN_CONSTANT_CONVERSION = YES;
				CLANG_WARN_DEPRECATED_OBJC_IMPLEMENTATIONS = YES;
				CLANG_WARN_DIRECT_OBJC_ISA_USAGE = YES_ERROR;
				CLANG_WARN_DOCUMENTATION_COMMENTS = YES;
				CLANG_WARN_EMPTY_BODY = YES;
				CLANG_WARN_ENUM_CONVERSION = YES;
				CLANG_WARN_INFINITE_RECURSION = YES;
				CLANG_WARN_INT_CONVERSION = YES;
				CLANG_WARN_NON_LITERAL_NULL_CONVERSION = YES;
				CLANG_WARN_OBJC_IMPLICIT_RETAIN_SELF = YES;
				CLANG_WARN_OBJC_LITERAL_CONVERSION = YES;
				CLANG_WARN_OBJC_ROOT_CLASS = YES_ERROR;
				CLANG_WARN_QUOTED_INCLUDE_IN_FRAMEWORK_HEADER = YES;
				CLANG_WARN_RANGE_LOOP_ANALYSIS = YES;
				CLANG_WARN_STRICT_PROTOTYPES = YES;
				CLANG_WARN_SUSPICIOUS_MOVE = YES;
				CLANG_WARN_UNGUARDED_AVAILABILITY = YES_AGGRESSIVE;
				CLANG_WARN_UNREACHABLE_CODE = YES;
				CLANG_WARN__DUPLICATE_METHOD_MATCH = YES;
				COPY_PHASE_STRIP = NO;
				DEBUG_INFORMATION_FORMAT = dwarf;
				ENABLE_STRICT_OBJC_MSGSEND = YES;
				ENABLE_TESTABILITY = YES;
				GCC_C_LANGUAGE_STANDARD = gnu11;
				GCC_DYNAMIC_NO_PIC = NO;
				GCC_NO_COMMON_BLOCKS = YES;
				GCC_OPTIMIZATION_LEVEL = 0;
				GCC_PREPROCESSOR_DEFINITIONS = (
					"DEBUG=1",
					"$(inherited)",
				);
				GCC_WARN_64_TO_32_BIT_CONVERSION = YES;
				GCC_WARN_ABOUT_RETURN_TYPE = YES_ERROR;
				GCC_WARN_UNDECLARED_SELECTOR = YES;
				GCC_WARN_UNINITIALIZED_AUTOS = YES_AGGRESSIVE;
				GCC_WARN_UNUSED_FUNCTION = YES;
				GCC_WARN_UNUSED_VARIABLE = YES;
				IPHONEOS_DEPLOYMENT_TARGET = 14.4;
				MTL_ENABLE_DEBUG_INFO = INCLUDE_SOURCE;
				MTL_FAST_MATH = YES;
				ONLY_ACTIVE_ARCH = YES;
				SDKROOT = iphoneos;
			};
			name = Debug;
		};
		FADA8FF628AA87BB004F4562 /* Release */ = {
			isa = XCBuildConfiguration;
			buildSettings = {
				ALWAYS_SEARCH_USER_PATHS = NO;
				CLANG_ANALYZER_NONNULL = YES;
				CLANG_ANALYZER_NUMBER_OBJECT_CONVERSION = YES_AGGRESSIVE;
				CLANG_CXX_LANGUAGE_STANDARD = "gnu++14";
				CLANG_CXX_LIBRARY = "libc++";
				CLANG_ENABLE_MODULES = YES;
				CLANG_ENABLE_OBJC_ARC = YES;
				CLANG_ENABLE_OBJC_WEAK = YES;
				CLANG_WARN_BLOCK_CAPTURE_AUTORELEASING = YES;
				CLANG_WARN_BOOL_CONVERSION = YES;
				CLANG_WARN_COMMA = YES;
				CLANG_WARN_CONSTANT_CONVERSION = YES;
				CLANG_WARN_DEPRECATED_OBJC_IMPLEMENTATIONS = YES;
				CLANG_WARN_DIRECT_OBJC_ISA_USAGE = YES_ERROR;
				CLANG_WARN_DOCUMENTATION_COMMENTS = YES;
				CLANG_WARN_EMPTY_BODY = YES;
				CLANG_WARN_ENUM_CONVERSION = YES;
				CLANG_WARN_INFINITE_RECURSION = YES;
				CLANG_WARN_INT_CONVERSION = YES;
				CLANG_WARN_NON_LITERAL_NULL_CONVERSION = YES;
				CLANG_WARN_OBJC_IMPLICIT_RETAIN_SELF = YES;
				CLANG_WARN_OBJC_LITERAL_CONVERSION = YES;
				CLANG_WARN_OBJC_ROOT_CLASS = YES_ERROR;
				CLANG_WARN_QUOTED_INCLUDE_IN_FRAMEWORK_HEADER = YES;
				CLANG_WARN_RANGE_LOOP_ANALYSIS = YES;
				CLANG_WARN_STRICT_PROTOTYPES = YES;
				CLANG_WARN_SUSPICIOUS_MOVE = YES;
				CLANG_WARN_UNGUARDED_AVAILABILITY = YES_AGGRESSIVE;
				CLANG_WARN_UNREACHABLE_CODE = YES;
				CLANG_WARN__DUPLICATE_METHOD_MATCH = YES;
				COPY_PHASE_STRIP = NO;
				DEBUG_INFORMATION_FORMAT = "dwarf-with-dsym";
				ENABLE_NS_ASSERTIONS = NO;
				ENABLE_STRICT_OBJC_MSGSEND = YES;
				GCC_C_LANGUAGE_STANDARD = gnu11;
				GCC_NO_COMMON_BLOCKS = YES;
				GCC_WARN_64_TO_32_BIT_CONVERSION = YES;
				GCC_WARN_ABOUT_RETURN_TYPE = YES_ERROR;
				GCC_WARN_UNDECLARED_SELECTOR = YES;
				GCC_WARN_UNINITIALIZED_AUTOS = YES_AGGRESSIVE;
				GCC_WARN_UNUSED_FUNCTION = YES;
				GCC_WARN_UNUSED_VARIABLE = YES;
				IPHONEOS_DEPLOYMENT_TARGET = 14.4;
				MTL_ENABLE_DEBUG_INFO = NO;
				MTL_FAST_MATH = YES;
				SDKROOT = iphoneos;
				VALIDATE_PRODUCT = YES;
			};
			name = Release;
		};
		FADA8FF828AA87BB004F4562 /* Debug */ = {
			isa = XCBuildConfiguration;
			baseConfigurationReference = C4F3873C910050D39C28639F /* Pods-GithubActionDemo.debug.xcconfig */;
			buildSettings = {
				ASSETCATALOG_COMPILER_APPICON_NAME = AppIcon;
				ASSETCATALOG_COMPILER_GLOBAL_ACCENT_COLOR_NAME = AccentColor;
				CODE_SIGN_STYLE = Automatic;
				DEVELOPMENT_TEAM = PP8V8Y78PA;
				INFOPLIST_FILE = GithubActionDemo/Info.plist;
				LD_RUNPATH_SEARCH_PATHS = (
					"$(inherited)",
					"@executable_path/Frameworks",
				);
				PRODUCT_BUNDLE_IDENTIFIER = com.viet.GithubActionDemo;
				PRODUCT_NAME = "$(TARGET_NAME)";
				TARGETED_DEVICE_FAMILY = "1,2";
			};
			name = Debug;
		};
		FADA8FF928AA87BB004F4562 /* Release */ = {
			isa = XCBuildConfiguration;
			baseConfigurationReference = 48409F3F6CAA707BAD9D81AA /* Pods-GithubActionDemo.release.xcconfig */;
			buildSettings = {
				ASSETCATALOG_COMPILER_APPICON_NAME = AppIcon;
				ASSETCATALOG_COMPILER_GLOBAL_ACCENT_COLOR_NAME = AccentColor;
				CODE_SIGN_STYLE = Automatic;
				DEVELOPMENT_TEAM = PP8V8Y78PA;
				INFOPLIST_FILE = GithubActionDemo/Info.plist;
				LD_RUNPATH_SEARCH_PATHS = (
					"$(inherited)",
					"@executable_path/Frameworks",
				);
				PRODUCT_BUNDLE_IDENTIFIER = com.viet.GithubActionDemo;
				PRODUCT_NAME = "$(TARGET_NAME)";
				TARGETED_DEVICE_FAMILY = "1,2";
			};
			name = Release;
		};
/* End XCBuildConfiguration section */

/* Begin XCConfigurationList section */
		FABECBA828B097B600C87983 /* Build configuration list for PBXNativeTarget "GithubActionDemoTests" */ = {
			isa = XCConfigurationList;
			buildConfigurations = (
				FABECBA628B097B600C87983 /* Debug */,
				FABECBA728B097B600C87983 /* Release */,
			);
			defaultConfigurationIsVisible = 0;
			defaultConfigurationName = Release;
		};
		FADA8FD928AA87BA004F4562 /* Build configuration list for PBXProject "GithubActionDemo" */ = {
			isa = XCConfigurationList;
			buildConfigurations = (
				FADA8FF528AA87BB004F4562 /* Debug */,
				FADA8FF628AA87BB004F4562 /* Release */,
			);
			defaultConfigurationIsVisible = 0;
			defaultConfigurationName = Release;
		};
		FADA8FF728AA87BB004F4562 /* Build configuration list for PBXNativeTarget "GithubActionDemo" */ = {
			isa = XCConfigurationList;
			buildConfigurations = (
				FADA8FF828AA87BB004F4562 /* Debug */,
				FADA8FF928AA87BB004F4562 /* Release */,
			);
			defaultConfigurationIsVisible = 0;
			defaultConfigurationName = Release;
		};
/* End XCConfigurationList section */
	};
	rootObject = FADA8FD628AA87BA004F4562 /* Project object */;
}
